// !$*UTF8*$!
{
	archiveVersion = 1;
	classes = {
	};
	objectVersion = 46;
	objects = {

/* Begin PBXBuildFile section */
		1EAC27031A8065E200463785 /* AppDelegate.swift in Sources */ = {isa = PBXBuildFile; fileRef = 1EAC27021A8065E200463785 /* AppDelegate.swift */; };
		1EAC27051A8065E200463785 /* ViewController.swift in Sources */ = {isa = PBXBuildFile; fileRef = 1EAC27041A8065E200463785 /* ViewController.swift */; };
		1EAC27081A8065E200463785 /* Main.storyboard in Resources */ = {isa = PBXBuildFile; fileRef = 1EAC27061A8065E200463785 /* Main.storyboard */; };
		1EAC270A1A8065E200463785 /* Images.xcassets in Resources */ = {isa = PBXBuildFile; fileRef = 1EAC27091A8065E200463785 /* Images.xcassets */; };
		1EAC270D1A8065E200463785 /* LaunchScreen.xib in Resources */ = {isa = PBXBuildFile; fileRef = 1EAC270B1A8065E200463785 /* LaunchScreen.xib */; };
		1EAC27191A8065E200463785 /* humanYearsIntoDogYearsTests.swift in Sources */ = {isa = PBXBuildFile; fileRef = 1EAC27181A8065E200463785 /* humanYearsIntoDogYearsTests.swift */; };
/* End PBXBuildFile section */

/* Begin PBXContainerItemProxy section */
		1EAC27131A8065E200463785 /* PBXContainerItemProxy */ = {
			isa = PBXContainerItemProxy;
			containerPortal = 1EAC26F51A8065E200463785 /* Project object */;
			proxyType = 1;
			remoteGlobalIDString = 1EAC26FC1A8065E200463785;
			remoteInfo = humanYearsIntoDogYears;
		};
/* End PBXContainerItemProxy section */

/* Begin PBXFileReference section */
		1EAC26FD1A8065E200463785 /* humanYearsIntoDogYears.app */ = {isa = PBXFileReference; explicitFileType = wrapper.application; includeInIndex = 0; path = humanYearsIntoDogYears.app; sourceTree = BUILT_PRODUCTS_DIR; };
		1EAC27011A8065E200463785 /* Info.plist */ = {isa = PBXFileReference; lastKnownFileType = text.plist.xml; path = Info.plist; sourceTree = "<group>"; };
		1EAC27021A8065E200463785 /* AppDelegate.swift */ = {isa = PBXFileReference; lastKnownFileType = sourcecode.swift; path = AppDelegate.swift; sourceTree = "<group>"; };
		1EAC27041A8065E200463785 /* ViewController.swift */ = {isa = PBXFileReference; lastKnownFileType = sourcecode.swift; path = ViewController.swift; sourceTree = "<group>"; };
		1EAC27071A8065E200463785 /* Base */ = {isa = PBXFileReference; lastKnownFileType = file.storyboard; name = Base; path = Base.lproj/Main.storyboard; sourceTree = "<group>"; };
		1EAC27091A8065E200463785 /* Images.xcassets */ = {isa = PBXFileReference; lastKnownFileType = folder.assetcatalog; path = Images.xcassets; sourceTree = "<group>"; };
		1EAC270C1A8065E200463785 /* Base */ = {isa = PBXFileReference; lastKnownFileType = file.xib; name = Base; path = Base.lproj/LaunchScreen.xib; sourceTree = "<group>"; };
		1EAC27121A8065E200463785 /* humanYearsIntoDogYearsTests.xctest */ = {isa = PBXFileReference; explicitFileType = wrapper.cfbundle; includeInIndex = 0; path = humanYearsIntoDogYearsTests.xctest; sourceTree = BUILT_PRODUCTS_DIR; };
		1EAC27171A8065E200463785 /* Info.plist */ = {isa = PBXFileReference; lastKnownFileType = text.plist.xml; path = Info.plist; sourceTree = "<group>"; };
		1EAC27181A8065E200463785 /* humanYearsIntoDogYearsTests.swift */ = {isa = PBXFileReference; lastKnownFileType = sourcecode.swift; path = humanYearsIntoDogYearsTests.swift; sourceTree = "<group>"; };
/* End PBXFileReference section */

/* Begin PBXFrameworksBuildPhase section */
		1EAC26FA1A8065E200463785 /* Frameworks */ = {
			isa = PBXFrameworksBuildPhase;
			buildActionMask = 2147483647;
			files = (
			);
			runOnlyForDeploymentPostprocessing = 0;
		};
		1EAC270F1A8065E200463785 /* Frameworks */ = {
			isa = PBXFrameworksBuildPhase;
			buildActionMask = 2147483647;
			files = (
			);
			runOnlyForDeploymentPostprocessing = 0;
		};
/* End PBXFrameworksBuildPhase section */

/* Begin PBXGroup section */
		1EAC26F41A8065E200463785 = {
			isa = PBXGroup;
			children = (
				1EAC26FF1A8065E200463785 /* humanYearsIntoDogYears */,
				1EAC27151A8065E200463785 /* humanYearsIntoDogYearsTests */,
				1EAC26FE1A8065E200463785 /* Products */,
			);
			sourceTree = "<group>";
		};
		1EAC26FE1A8065E200463785 /* Products */ = {
			isa = PBXGroup;
			children = (
				1EAC26FD1A8065E200463785 /* humanYearsIntoDogYears.app */,
				1EAC27121A8065E200463785 /* humanYearsIntoDogYearsTests.xctest */,
			);
			name = Products;
			sourceTree = "<group>";
		};
		1EAC26FF1A8065E200463785 /* humanYearsIntoDogYears */ = {
			isa = PBXGroup;
			children = (
				1EAC27021A8065E200463785 /* AppDelegate.swift */,
				1EAC27041A8065E200463785 /* ViewController.swift */,
				1EAC27061A8065E200463785 /* Main.storyboard */,
				1EAC27091A8065E200463785 /* Images.xcassets */,
				1EAC270B1A8065E200463785 /* LaunchScreen.xib */,
				1EAC27001A8065E200463785 /* Supporting Files */,
			);
			path = humanYearsIntoDogYears;
			sourceTree = "<group>";
		};
		1EAC27001A8065E200463785 /* Supporting Files */ = {
			isa = PBXGroup;
			children = (
				1EAC27011A8065E200463785 /* Info.plist */,
			);
			name = "Supporting Files";
			sourceTree = "<group>";
		};
		1EAC27151A8065E200463785 /* humanYearsIntoDogYearsTests */ = {
			isa = PBXGroup;
			children = (
				1EAC27181A8065E200463785 /* humanYearsIntoDogYearsTests.swift */,
				1EAC27161A8065E200463785 /* Supporting Files */,
			);
			path = humanYearsIntoDogYearsTests;
			sourceTree = "<group>";
		};
		1EAC27161A8065E200463785 /* Supporting Files */ = {
			isa = PBXGroup;
			children = (
				1EAC27171A8065E200463785 /* Info.plist */,
			);
			name = "Supporting Files";
			sourceTree = "<group>";
		};
/* End PBXGroup section */

/* Begin PBXNativeTarget section */
		1EAC26FC1A8065E200463785 /* humanYearsIntoDogYears */ = {
			isa = PBXNativeTarget;
			buildConfigurationList = 1EAC271C1A8065E200463785 /* Build configuration list for PBXNativeTarget "humanYearsIntoDogYears" */;
			buildPhases = (
				1EAC26F91A8065E200463785 /* Sources */,
				1EAC26FA1A8065E200463785 /* Frameworks */,
				1EAC26FB1A8065E200463785 /* Resources */,
			);
			buildRules = (
			);
			dependencies = (
			);
			name = humanYearsIntoDogYears;
			productName = humanYearsIntoDogYears;
			productReference = 1EAC26FD1A8065E200463785 /* humanYearsIntoDogYears.app */;
			productType = "com.apple.product-type.application";
		};
		1EAC27111A8065E200463785 /* humanYearsIntoDogYearsTests */ = {
			isa = PBXNativeTarget;
			buildConfigurationList = 1EAC271F1A8065E200463785 /* Build configuration list for PBXNativeTarget "humanYearsIntoDogYearsTests" */;
			buildPhases = (
				1EAC270E1A8065E200463785 /* Sources */,
				1EAC270F1A8065E200463785 /* Frameworks */,
				1EAC27101A8065E200463785 /* Resources */,
			);
			buildRules = (
			);
			dependencies = (
				1EAC27141A8065E200463785 /* PBXTargetDependency */,
			);
			name = humanYearsIntoDogYearsTests;
			productName = humanYearsIntoDogYearsTests;
			productReference = 1EAC27121A8065E200463785 /* humanYearsIntoDogYearsTests.xctest */;
			productType = "com.apple.product-type.bundle.unit-test";
		};
/* End PBXNativeTarget section */

/* Begin PBXProject section */
		1EAC26F51A8065E200463785 /* Project object */ = {
			isa = PBXProject;
			attributes = {
				LastUpgradeCheck = 0610;
				ORGANIZATIONNAME = theBTI;
				TargetAttributes = {
					1EAC26FC1A8065E200463785 = {
						CreatedOnToolsVersion = 6.1.1;
					};
					1EAC27111A8065E200463785 = {
						CreatedOnToolsVersion = 6.1.1;
						TestTargetID = 1EAC26FC1A8065E200463785;
					};
				};
			};
			buildConfigurationList = 1EAC26F81A8065E200463785 /* Build configuration list for PBXProject "humanYearsIntoDogYears" */;
			compatibilityVersion = "Xcode 3.2";
			developmentRegion = English;
			hasScannedForEncodings = 0;
			knownRegions = (
				en,
				Base,
			);
			mainGroup = 1EAC26F41A8065E200463785;
			productRefGroup = 1EAC26FE1A8065E200463785 /* Products */;
			projectDirPath = "";
			projectRoot = "";
			targets = (
				1EAC26FC1A8065E200463785 /* humanYearsIntoDogYears */,
				1EAC27111A8065E200463785 /* humanYearsIntoDogYearsTests */,
			);
		};
/* End PBXProject section */

/* Begin PBXResourcesBuildPhase section */
		1EAC26FB1A8065E200463785 /* Resources */ = {
			isa = PBXResourcesBuildPhase;
			buildActionMask = 2147483647;
			files = (
				1EAC27081A8065E200463785 /* Main.storyboard in Resources */,
				1EAC270D1A8065E200463785 /* LaunchScreen.xib in Resources */,
				1EAC270A1A8065E200463785 /* Images.xcassets in Resources */,
			);
			runOnlyForDeploymentPostprocessing = 0;
		};
		1EAC27101A8065E200463785 /* Resources */ = {
			isa = PBXResourcesBuildPhase;
			buildActionMask = 2147483647;
			files = (
			);
			runOnlyForDeploymentPostprocessing = 0;
		};
/* End PBXResourcesBuildPhase section */

/* Begin PBXSourcesBuildPhase section */
		1EAC26F91A8065E200463785 /* Sources */ = {
			isa = PBXSourcesBuildPhase;
			buildActionMask = 2147483647;
			files = (
				1EAC27051A8065E200463785 /* ViewController.swift in Sources */,
				1EAC27031A8065E200463785 /* AppDelegate.swift in Sources */,
			);
			runOnlyForDeploymentPostprocessing = 0;
		};
		1EAC270E1A8065E200463785 /* Sources */ = {
			isa = PBXSourcesBuildPhase;
			buildActionMask = 2147483647;
			files = (
				1EAC27191A8065E200463785 /* humanYearsIntoDogYearsTests.swift in Sources */,
			);
			runOnlyForDeploymentPostprocessing = 0;
		};
/* End PBXSourcesBuildPhase section */

/* Begin PBXTargetDependency section */
		1EAC27141A8065E200463785 /* PBXTargetDependency */ = {
			isa = PBXTargetDependency;
			target = 1EAC26FC1A8065E200463785 /* humanYearsIntoDogYears */;
			targetProxy = 1EAC27131A8065E200463785 /* PBXContainerItemProxy */;
		};
/* End PBXTargetDependency section */

/* Begin PBXVariantGroup section */
		1EAC27061A8065E200463785 /* Main.storyboard */ = {
			isa = PBXVariantGroup;
			children = (
				1EAC27071A8065E200463785 /* Base */,
			);
			name = Main.storyboard;
			sourceTree = "<group>";
		};
		1EAC270B1A8065E200463785 /* LaunchScreen.xib */ = {
			isa = PBXVariantGroup;
			children = (
				1EAC270C1A8065E200463785 /* Base */,
			);
			name = LaunchScreen.xib;
			sourceTree = "<group>";
		};
/* End PBXVariantGroup section */

/* Begin XCBuildConfiguration section */
		1EAC271A1A8065E200463785 /* Debug */ = {
			isa = XCBuildConfiguration;
			buildSettings = {
				ALWAYS_SEARCH_USER_PATHS = NO;
				CLANG_CXX_LANGUAGE_STANDARD = "gnu++0x";
				CLANG_CXX_LIBRARY = "libc++";
				CLANG_ENABLE_MODULES = YES;
				CLANG_ENABLE_OBJC_ARC = YES;
				CLANG_WARN_BOOL_CONVERSION = YES;
				CLANG_WARN_CONSTANT_CONVERSION = YES;
				CLANG_WARN_DIRECT_OBJC_ISA_USAGE = YES_ERROR;
				CLANG_WARN_EMPTY_BODY = YES;
				CLANG_WARN_ENUM_CONVERSION = YES;
				CLANG_WARN_INT_CONVERSION = YES;
				CLANG_WARN_OBJC_ROOT_CLASS = YES_ERROR;
				CLANG_WARN_UNREACHABLE_CODE = YES;
				CLANG_WARN__DUPLICATE_METHOD_MATCH = YES;
				"CODE_SIGN_IDENTITY[sdk=iphoneos*]" = "iPhone Developer";
				COPY_PHASE_STRIP = NO;
				ENABLE_STRICT_OBJC_MSGSEND = YES;
				GCC_C_LANGUAGE_STANDARD = gnu99;
				GCC_DYNAMIC_NO_PIC = NO;
				GCC_OPTIMIZATION_LEVEL = 0;
				GCC_PREPROCESSOR_DEFINITIONS = (
					"DEBUG=1",
					"$(inherited)",
				);
				GCC_SYMBOLS_PRIVATE_EXTERN = NO;
				GCC_WARN_64_TO_32_BIT_CONVERSION = YES;
				GCC_WARN_ABOUT_RETURN_TYPE = YES_ERROR;
				GCC_WARN_UNDECLARED_SELECTOR = YES;
				GCC_WARN_UNINITIALIZED_AUTOS = YES_AGGRESSIVE;
				GCC_WARN_UNUSED_FUNCTION = YES;
				GCC_WARN_UNUSED_VARIABLE = YES;
				IPHONEOS_DEPLOYMENT_TARGET = 8.1;
				MTL_ENABLE_DEBUG_INFO = YES;
				ONLY_ACTIVE_ARCH = YES;
				SDKROOT = iphoneos;
				SWIFT_OPTIMIZATION_LEVEL = "-Onone";
				TARGETED_DEVICE_FAMILY = "1,2";
			};
			name = Debug;
		};
		1EAC271B1A8065E200463785 /* Release */ = {
			isa = XCBuildConfiguration;
			buildSettings = {
				ALWAYS_SEARCH_USER_PATHS = NO;
				CLANG_CXX_LANGUAGE_STANDARD = "gnu++0x";
				CLANG_CXX_LIBRARY = "libc++";
				CLANG_ENABLE_MODULES = YES;
				CLANG_ENABLE_OBJC_ARC = YES;
				CLANG_WARN_BOOL_CONVERSION = YES;
				CLANG_WARN_CONSTANT_CONVERSION = YES;
				CLANG_WARN_DIRECT_OBJC_ISA_USAGE = YES_ERROR;
				CLANG_WARN_EMPTY_BODY = YES;
				CLANG_WARN_ENUM_CONVERSION = YES;
				CLANG_WARN_INT_CONVERSION = YES;
				CLANG_WARN_OBJC_ROOT_CLASS = YES_ERROR;
				CLANG_WARN_UNREACHABLE_CODE = YES;
				CLANG_WARN__DUPLICATE_METHOD_MATCH = YES;
				"CODE_SIGN_IDENTITY[sdk=iphoneos*]" = "iPhone Developer";
				COPY_PHASE_STRIP = YES;
				ENABLE_NS_ASSERTIONS = NO;
				ENABLE_STRICT_OBJC_MSGSEND = YES;
				GCC_C_LANGUAGE_STANDARD = gnu99;
				GCC_WARN_64_TO_32_BIT_CONVERSION = YES;
				GCC_WARN_ABOUT_RETURN_TYPE = YES_ERROR;
				GCC_WARN_UNDECLARED_SELECTOR = YES;
				GCC_WARN_UNINITIALIZED_AUTOS = YES_AGGRESSIVE;
				GCC_WARN_UNUSED_FUNCTION = YES;
				GCC_WARN_UNUSED_VARIABLE = YES;
				IPHONEOS_DEPLOYMENT_TARGET = 8.1;
				MTL_ENABLE_DEBUG_INFO = NO;
				SDKROOT = iphoneos;
				TARGETED_DEVICE_FAMILY = "1,2";
				VALIDATE_PRODUCT = YES;
			};
			name = Release;
		};
		1EAC271D1A8065E200463785 /* Debug */ = {
			isa = XCBuildConfiguration;
			buildSettings = {
				ASSETCATALOG_COMPILER_APPICON_NAME = AppIcon;
				INFOPLIST_FILE = humanYearsIntoDogYears/Info.plist;
				LD_RUNPATH_SEARCH_PATHS = "$(inherited) @executable_path/Frameworks";
				PRODUCT_NAME = "$(TARGET_NAME)";
			};
			name = Debug;
		};
		1EAC271E1A8065E200463785 /* Release */ = {
			isa = XCBuildConfiguration;
			buildSettings = {
				ASSETCATALOG_COMPILER_APPICON_NAME = AppIcon;
				INFOPLIST_FILE = humanYearsIntoDogYears/Info.plist;
				LD_RUNPATH_SEARCH_PATHS = "$(inherited) @executable_path/Frameworks";
				PRODUCT_NAME = "$(TARGET_NAME)";
			};
			name = Release;
		};
		1EAC27201A8065E200463785 /* Debug */ = {
			isa = XCBuildConfiguration;
			buildSettings = {
				BUNDLE_LOADER = "$(TEST_HOST)";
				FRAMEWORK_SEARCH_PATHS = (
					"$(SDKROOT)/Developer/Library/Frameworks",
					"$(inherited)",
				);
				GCC_PREPROCESSOR_DEFINITIONS = (
					"DEBUG=1",
					"$(inherited)",
				);
				INFOPLIST_FILE = humanYearsIntoDogYearsTests/Info.plist;
				LD_RUNPATH_SEARCH_PATHS = "$(inherited) @executable_path/Frameworks @loader_path/Frameworks";
				PRODUCT_NAME = "$(TARGET_NAME)";
				TEST_HOST = "$(BUILT_PRODUCTS_DIR)/humanYearsIntoDogYears.app/humanYearsIntoDogYears";
			};
			name = Debug;
		};
		1EAC27211A8065E200463785 /* Release */ = {
			isa = XCBuildConfiguration;
			buildSettings = {
				BUNDLE_LOADER = "$(TEST_HOST)";
				FRAMEWORK_SEARCH_PATHS = (
					"$(SDKROOT)/Developer/Library/Frameworks",
					"$(inherited)",
				);
				INFOPLIST_FILE = humanYearsIntoDogYearsTests/Info.plist;
				LD_RUNPATH_SEARCH_PATHS = "$(inherited) @executable_path/Frameworks @loader_path/Frameworks";
				PRODUCT_NAME = "$(TARGET_NAME)";
				TEST_HOST = "$(BUILT_PRODUCTS_DIR)/humanYearsIntoDogYears.app/humanYearsIntoDogYears";
			};
			name = Release;
		};
/* End XCBuildConfiguration section */

/* Begin XCConfigurationList section */
		1EAC26F81A8065E200463785 /* Build configuration list for PBXProject "humanYearsIntoDogYears" */ = {
			isa = XCConfigurationList;
			buildConfigurations = (
				1EAC271A1A8065E200463785 /* Debug */,
				1EAC271B1A8065E200463785 /* Release */,
			);
			defaultConfigurationIsVisible = 0;
			defaultConfigurationName = Release;
		};
		1EAC271C1A8065E200463785 /* Build configuration list for PBXNativeTarget "humanYearsIntoDogYears" */ = {
			isa = XCConfigurationList;
			buildConfigurations = (
				1EAC271D1A8065E200463785 /* Debug */,
				1EAC271E1A8065E200463785 /* Release */,
			);
			defaultConfigurationIsVisible = 0;
		};
		1EAC271F1A8065E200463785 /* Build configuration list for PBXNativeTarget "humanYearsIntoDogYearsTests" */ = {
			isa = XCConfigurationList;
			buildConfigurations = (
				1EAC27201A8065E200463785 /* Debug */,
				1EAC27211A8065E200463785 /* Release */,
			);
			defaultConfigurationIsVisible = 0;
		};
/* End XCConfigurationList section */
	};
	rootObject = 1EAC26F51A8065E200463785 /* Project object */;
}
